
Microsoft Visual Studio Solution File, Format Version 12.00
# Visual Studio Version 17
VisualStudioVersion = 17.9.34902.65
MinimumVisualStudioVersion = 10.0.40219.1
Project("{FAE04EC0-301F-11D3-BF4B-00C04F79EFBC}") = "ZooSimulator.Core", "ZooSimulator.Core\ZooSimulator.Core.csproj", "{8930A97B-1429-471D-B262-7FFDAE8E283F}"
EndProject
Project("{FAE04EC0-301F-11D3-BF4B-00C04F79EFBC}") = "ZooSimulator.Tests", "ZooSimulator.Tests\ZooSimulator.Tests.csproj", "{E69D8A20-9159-460C-B278-D98EFD0C0307}"
EndProject
Project("{FAE04EC0-301F-11D3-BF4B-00C04F79EFBC}") = "ZooSimulator.App", "ZooSimulator.App\ZooSimulator.App.csproj", "{C6D20E03-DEE2-4506-B7BC-066020B4BE7E}"
EndProject
Project("{FAE04EC0-301F-11D3-BF4B-00C04F79EFBC}") = "ZooSimulator.Presentation", "ZooSimulator.Presentation\ZooSimulator.Presentation.csproj", "{409A22FD-9CFA-4AEC-A152-4038660D88EE}"
EndProject
Global
	GlobalSection(SolutionConfigurationPlatforms) = preSolution
		Debug|Any CPU = Debug|Any CPU
		Release|Any CPU = Release|Any CPU
	EndGlobalSection
	GlobalSection(ProjectConfigurationPlatforms) = postSolution
		{8930A97B-1429-471D-B262-7FFDAE8E283F}.Debug|Any CPU.ActiveCfg = Debug|Any CPU
		{8930A97B-1429-471D-B262-7FFDAE8E283F}.Debug|Any CPU.Build.0 = Debug|Any CPU
		{8930A97B-1429-471D-B262-7FFDAE8E283F}.Release|Any CPU.ActiveCfg = Release|Any CPU
		{8930A97B-1429-471D-B262-7FFDAE8E283F}.Release|Any CPU.Build.0 = Release|Any CPU
		{E69D8A20-9159-460C-B278-D98EFD0C0307}.Debug|Any CPU.ActiveCfg = Debug|Any CPU
		{E69D8A20-9159-460C-B278-D98EFD0C0307}.Debug|Any CPU.Build.0 = Debug|Any CPU
		{E69D8A20-9159-460C-B278-D98EFD0C0307}.Release|Any CPU.ActiveCfg = Release|Any CPU
		{E69D8A20-9159-460C-B278-D98EFD0C0307}.Release|Any CPU.Build.0 = Release|Any CPU
		{C6D20E03-DEE2-4506-B7BC-066020B4BE7E}.Debug|Any CPU.ActiveCfg = Debug|Any CPU
		{C6D20E03-DEE2-4506-B7BC-066020B4BE7E}.Debug|Any CPU.Build.0 = Debug|Any CPU
		{C6D20E03-DEE2-4506-B7BC-066020B4BE7E}.Release|Any CPU.ActiveCfg = Release|Any CPU
		{C6D20E03-DEE2-4506-B7BC-066020B4BE7E}.Release|Any CPU.Build.0 = Release|Any CPU
		{409A22FD-9CFA-4AEC-A152-4038660D88EE}.Debug|Any CPU.ActiveCfg = Debug|Any CPU
		{409A22FD-9CFA-4AEC-A152-4038660D88EE}.Debug|Any CPU.Build.0 = Debug|Any CPU
		{409A22FD-9CFA-4AEC-A152-4038660D88EE}.Release|Any CPU.ActiveCfg = Release|Any CPU
		{409A22FD-9CFA-4AEC-A152-4038660D88EE}.Release|Any CPU.Build.0 = Release|Any CPU
	EndGlobalSection
	GlobalSection(SolutionProperties) = preSolution
		HideSolutionNode = FALSE
	EndGlobalSection
	GlobalSection(ExtensibilityGlobals) = postSolution
		SolutionGuid = {CA4A9EB0-A200-4630-B51C-3D2D6E30F3D0}
	EndGlobalSection
EndGlobal
